dependencies:
- name: postgresql
  repository: https://kubernetes-charts.storage.googleapis.com/
  version: 8.1.2
- name: cockroachdb
  repository: https://kubernetes-charts.storage.googleapis.com
  version: 3.0.1
- name: prometheus
  repository: https://kubernetes-charts.storage.googleapis.com
  version: 9.7.2
- name: grafana
  repository: https://kubernetes-charts.storage.googleapis.com
  version: 4.2.2
- name: prometheus-postgres-exporter
  repository: https://kubernetes-charts.storage.googleapis.com
  version: 1.2.0
digest: sha256:27c22297876e33f5d6f490134a50d5c708bf5798fda13f175ce2215f157a9c4a
generated: "2019-12-28T12:05:09.143133-08:00"
